Microsoft Visual Studio Solution File, Format Version 12.00
# Visual Studio Version 16
VisualStudioVersion = 16.0.29709.97
MinimumVisualStudioVersion = 10.0.40219.1
Project("{FAE04EC0-301F-11D3-BF4B-00C04F79EFBC}") = "HoneybeeDotNet", "src\HoneybeeDotNet\HoneybeeDotNet.csproj", "{97C51302-BB3E-4331-B753-96AE4CB6A4BF}"
EndProject
Project("{FAE04EC0-301F-11D3-BF4B-00C04F79EFBC}") = "HoneybeeDotNet.Test", "src\HoneybeeDotNet.Test\HoneybeeDotNet.Test.csproj", "{C925889B-9384-44AA-9C80-8D15D6EFCC6E}"
EndProject
Global
	GlobalSection(SolutionConfigurationPlatforms) = preSolution
		Debug|Any CPU = Debug|Any CPU
		Release|Any CPU = Release|Any CPU
	EndGlobalSection
	GlobalSection(ProjectConfigurationPlatforms) = postSolution
		{97C51302-BB3E-4331-B753-96AE4CB6A4BF}.Debug|Any CPU.ActiveCfg = Debug|Any CPU
		{97C51302-BB3E-4331-B753-96AE4CB6A4BF}.Debug|Any CPU.Build.0 = Debug|Any CPU
		{97C51302-BB3E-4331-B753-96AE4CB6A4BF}.Release|Any CPU.ActiveCfg = Release|Any CPU
		{97C51302-BB3E-4331-B753-96AE4CB6A4BF}.Release|Any CPU.Build.0 = Release|Any CPU
		{C925889B-9384-44AA-9C80-8D15D6EFCC6E}.Debug|Any CPU.ActiveCfg = Debug|Any CPU
		{C925889B-9384-44AA-9C80-8D15D6EFCC6E}.Debug|Any CPU.Build.0 = Debug|Any CPU
		{C925889B-9384-44AA-9C80-8D15D6EFCC6E}.Release|Any CPU.ActiveCfg = Release|Any CPU
		{C925889B-9384-44AA-9C80-8D15D6EFCC6E}.Release|Any CPU.Build.0 = Release|Any CPU
	EndGlobalSection
	GlobalSection(SolutionProperties) = preSolution
		HideSolutionNode = FALSE
	EndGlobalSection
	GlobalSection(ExtensibilityGlobals) = postSolution
		SolutionGuid = {F9F6EAAF-2EAC-4E53-B18C-6ADDF17734B1}
	EndGlobalSection
EndGlobal
