Microsoft Visual Studio Solution File, Format Version 12.00
# Visual Studio Version 16
VisualStudioVersion = 16.0.29709.97
MinimumVisualStudioVersion = 10.0.40219.1
Project("{FAE04EC0-301F-11D3-BF4B-00C04F79EFBC}") = "HoneybeeSchema", "src\HoneybeeSchema\HoneybeeSchema.csproj", "{7C1337B8-495C-4C13-A1AD-2DACB7107076}"
EndProject
Project("{FAE04EC0-301F-11D3-BF4B-00C04F79EFBC}") = "HoneybeeSchema.Test", "src\HoneybeeSchema.Test\HoneybeeSchema.Test.csproj", "{B5EEF666-4FB9-4A84-9B65-17C551ED9A7C}"
EndProject
Global
	GlobalSection(SolutionConfigurationPlatforms) = preSolution
		Debug|Any CPU = Debug|Any CPU
		Release|Any CPU = Release|Any CPU
	EndGlobalSection
	GlobalSection(ProjectConfigurationPlatforms) = postSolution
		{7C1337B8-495C-4C13-A1AD-2DACB7107076}.Debug|Any CPU.ActiveCfg = Debug|Any CPU
		{7C1337B8-495C-4C13-A1AD-2DACB7107076}.Debug|Any CPU.Build.0 = Debug|Any CPU
		{7C1337B8-495C-4C13-A1AD-2DACB7107076}.Release|Any CPU.ActiveCfg = Release|Any CPU
		{7C1337B8-495C-4C13-A1AD-2DACB7107076}.Release|Any CPU.Build.0 = Release|Any CPU
		{B5EEF666-4FB9-4A84-9B65-17C551ED9A7C}.Debug|Any CPU.ActiveCfg = Debug|Any CPU
		{B5EEF666-4FB9-4A84-9B65-17C551ED9A7C}.Debug|Any CPU.Build.0 = Debug|Any CPU
		{B5EEF666-4FB9-4A84-9B65-17C551ED9A7C}.Release|Any CPU.ActiveCfg = Release|Any CPU
		{B5EEF666-4FB9-4A84-9B65-17C551ED9A7C}.Release|Any CPU.Build.0 = Release|Any CPU
	EndGlobalSection
	GlobalSection(SolutionProperties) = preSolution
		HideSolutionNode = FALSE
	EndGlobalSection
	GlobalSection(ExtensibilityGlobals) = postSolution
		SolutionGuid = {BDB2F80A-713E-4502-B78E-4BE327CFDC3B}
	EndGlobalSection
EndGlobal
