Microsoft Visual Studio Solution File, Format Version 12.00
# Visual Studio Version 16
VisualStudioVersion = 16.0.29709.97
MinimumVisualStudioVersion = 10.0.40219.1
Project("{FAE04EC0-301F-11D3-BF4B-00C04F79EFBC}") = "HoneybeeSchema", "src\HoneybeeSchema\HoneybeeSchema.csproj", "{2D9490D8-0848-4451-B3A9-9465C55F806F}"
EndProject
Project("{FAE04EC0-301F-11D3-BF4B-00C04F79EFBC}") = "HoneybeeSchema.Test", "src\HoneybeeSchema.Test\HoneybeeSchema.Test.csproj", "{19F1DEBC-DE5E-4517-8062-F000CD499087}"
EndProject
Global
	GlobalSection(SolutionConfigurationPlatforms) = preSolution
		Debug|Any CPU = Debug|Any CPU
		Release|Any CPU = Release|Any CPU
	EndGlobalSection
	GlobalSection(ProjectConfigurationPlatforms) = postSolution
		{2D9490D8-0848-4451-B3A9-9465C55F806F}.Debug|Any CPU.ActiveCfg = Debug|Any CPU
		{2D9490D8-0848-4451-B3A9-9465C55F806F}.Debug|Any CPU.Build.0 = Debug|Any CPU
		{2D9490D8-0848-4451-B3A9-9465C55F806F}.Release|Any CPU.ActiveCfg = Release|Any CPU
		{2D9490D8-0848-4451-B3A9-9465C55F806F}.Release|Any CPU.Build.0 = Release|Any CPU
		{19F1DEBC-DE5E-4517-8062-F000CD499087}.Debug|Any CPU.ActiveCfg = Debug|Any CPU
		{19F1DEBC-DE5E-4517-8062-F000CD499087}.Debug|Any CPU.Build.0 = Debug|Any CPU
		{19F1DEBC-DE5E-4517-8062-F000CD499087}.Release|Any CPU.ActiveCfg = Release|Any CPU
		{19F1DEBC-DE5E-4517-8062-F000CD499087}.Release|Any CPU.Build.0 = Release|Any CPU
	EndGlobalSection
	GlobalSection(SolutionProperties) = preSolution
		HideSolutionNode = FALSE
	EndGlobalSection
	GlobalSection(ExtensibilityGlobals) = postSolution
		SolutionGuid = {BDB2F80A-713E-4502-B78E-4BE327CFDC3B}
	EndGlobalSection
EndGlobal
